
Microsoft Visual Studio Solution File, Format Version 12.00
# Visual Studio Version 16
VisualStudioVersion = 16.0.29102.190
MinimumVisualStudioVersion = 10.0.40219.1
Project("{9A19103F-16F7-4668-BE54-9A1E7A4F7556}") = "QSharpErrorCorrection", "QSharpErrorCorrection\QSharpErrorCorrection.csproj", "{DDA504D2-84DA-45AE-AED3-14ACFE6311DB}"
EndProject
Project("{9A19103F-16F7-4668-BE54-9A1E7A4F7556}") = "QSharpFundamentals", "QSharpFundamentals\QSharpFundamentals.csproj", "{E6AEBF04-FF30-4D70-93ED-67ED050BAE38}"
EndProject
Project("{9A19103F-16F7-4668-BE54-9A1E7A4F7556}") = "QSharpOracles", "QSharpOracles\QSharpOracles.csproj", "{DC8237B0-182F-4868-8338-79F66B234A6C}"
EndProject
Project("{9A19103F-16F7-4668-BE54-9A1E7A4F7556}") = "QSharpNonOracles", "QSharpNonOracles\QSharpNonOracles.csproj", "{72D529D9-AAE7-4C0B-82C6-82E3B2B0BDEF}"
EndProject
Project("{FAE04EC0-301F-11D3-BF4B-00C04F79EFBC}") = "QSharpDebugging", "QSharpDebugging\QSharpDebugging.csproj", "{AC7DE9BB-B91E-4331-9E75-E8563A42D2E6}"
EndProject
Global
	GlobalSection(SolutionConfigurationPlatforms) = preSolution
		Debug|Any CPU = Debug|Any CPU
		Release|Any CPU = Release|Any CPU
	EndGlobalSection
	GlobalSection(ProjectConfigurationPlatforms) = postSolution
		{DDA504D2-84DA-45AE-AED3-14ACFE6311DB}.Debug|Any CPU.ActiveCfg = Debug|Any CPU
		{DDA504D2-84DA-45AE-AED3-14ACFE6311DB}.Debug|Any CPU.Build.0 = Debug|Any CPU
		{DDA504D2-84DA-45AE-AED3-14ACFE6311DB}.Release|Any CPU.ActiveCfg = Release|Any CPU
		{DDA504D2-84DA-45AE-AED3-14ACFE6311DB}.Release|Any CPU.Build.0 = Release|Any CPU
		{E6AEBF04-FF30-4D70-93ED-67ED050BAE38}.Debug|Any CPU.ActiveCfg = Debug|Any CPU
		{E6AEBF04-FF30-4D70-93ED-67ED050BAE38}.Debug|Any CPU.Build.0 = Debug|Any CPU
		{E6AEBF04-FF30-4D70-93ED-67ED050BAE38}.Release|Any CPU.ActiveCfg = Release|Any CPU
		{E6AEBF04-FF30-4D70-93ED-67ED050BAE38}.Release|Any CPU.Build.0 = Release|Any CPU
		{DC8237B0-182F-4868-8338-79F66B234A6C}.Debug|Any CPU.ActiveCfg = Debug|Any CPU
		{DC8237B0-182F-4868-8338-79F66B234A6C}.Debug|Any CPU.Build.0 = Debug|Any CPU
		{DC8237B0-182F-4868-8338-79F66B234A6C}.Release|Any CPU.ActiveCfg = Release|Any CPU
		{DC8237B0-182F-4868-8338-79F66B234A6C}.Release|Any CPU.Build.0 = Release|Any CPU
		{72D529D9-AAE7-4C0B-82C6-82E3B2B0BDEF}.Debug|Any CPU.ActiveCfg = Debug|Any CPU
		{72D529D9-AAE7-4C0B-82C6-82E3B2B0BDEF}.Debug|Any CPU.Build.0 = Debug|Any CPU
		{72D529D9-AAE7-4C0B-82C6-82E3B2B0BDEF}.Release|Any CPU.ActiveCfg = Release|Any CPU
		{72D529D9-AAE7-4C0B-82C6-82E3B2B0BDEF}.Release|Any CPU.Build.0 = Release|Any CPU
		{AC7DE9BB-B91E-4331-9E75-E8563A42D2E6}.Debug|Any CPU.ActiveCfg = Debug|Any CPU
		{AC7DE9BB-B91E-4331-9E75-E8563A42D2E6}.Debug|Any CPU.Build.0 = Debug|Any CPU
		{AC7DE9BB-B91E-4331-9E75-E8563A42D2E6}.Release|Any CPU.ActiveCfg = Release|Any CPU
		{AC7DE9BB-B91E-4331-9E75-E8563A42D2E6}.Release|Any CPU.Build.0 = Release|Any CPU
	EndGlobalSection
	GlobalSection(SolutionProperties) = preSolution
		HideSolutionNode = FALSE
	EndGlobalSection
	GlobalSection(ExtensibilityGlobals) = postSolution
		SolutionGuid = {B7AAE27C-9D62-41BD-8251-606B69A4AA01}
	EndGlobalSection
EndGlobal
