
Microsoft Visual Studio Solution File, Format Version 12.00
# Visual Studio Version 16
VisualStudioVersion = 16.0.28803.352
MinimumVisualStudioVersion = 10.0.40219.1
Project("{9A19103F-16F7-4668-BE54-9A1E7A4F7556}") = "RigettiUpdateProxy", "RigettiUpdateProxy\RigettiUpdateProxy.csproj", "{80D4510D-7243-4B2D-9657-ECAE2D551EC3}"
EndProject
Project("{888888A0-9F3D-457C-B088-3A5042F75D52}") = "ForestFundamentals", "ForestFundamentals\ForestFundamentals.pyproj", "{350B1599-D696-4C2D-AEF4-4FA6F131930E}"
EndProject
Project("{2150E333-8FDC-42A3-9474-1A3956D46DE8}") = "Solution Items", "Solution Items", "{EB7FCE26-6B0C-4E1D-A0EA-3DEBF584D0DE}"
	ProjectSection(SolutionItems) = preProject
		vs_test_path_fixup.py = vs_test_path_fixup.py
	EndProjectSection
EndProject
Project("{888888A0-9F3D-457C-B088-3A5042F75D52}") = "ForestErrorCorrection", "ForestErrorCorrection\ForestErrorCorrection.pyproj", "{356ABFAB-1B52-4BF5-A98B-BCD34AEC2ECF}"
EndProject
Project("{888888A0-9F3D-457C-B088-3A5042F75D52}") = "ForestOracles", "ForestOracles\ForestOracles.pyproj", "{7CF408EC-3BBD-4561-AE0A-3FDB4EB032F0}"
EndProject
Global
	GlobalSection(SolutionConfigurationPlatforms) = preSolution
		Debug|Any CPU = Debug|Any CPU
		Release|Any CPU = Release|Any CPU
	EndGlobalSection
	GlobalSection(ProjectConfigurationPlatforms) = postSolution
		{80D4510D-7243-4B2D-9657-ECAE2D551EC3}.Debug|Any CPU.ActiveCfg = Debug|Any CPU
		{80D4510D-7243-4B2D-9657-ECAE2D551EC3}.Debug|Any CPU.Build.0 = Debug|Any CPU
		{80D4510D-7243-4B2D-9657-ECAE2D551EC3}.Release|Any CPU.ActiveCfg = Release|Any CPU
		{80D4510D-7243-4B2D-9657-ECAE2D551EC3}.Release|Any CPU.Build.0 = Release|Any CPU
		{350B1599-D696-4C2D-AEF4-4FA6F131930E}.Debug|Any CPU.ActiveCfg = Debug|Any CPU
		{350B1599-D696-4C2D-AEF4-4FA6F131930E}.Release|Any CPU.ActiveCfg = Release|Any CPU
		{356ABFAB-1B52-4BF5-A98B-BCD34AEC2ECF}.Debug|Any CPU.ActiveCfg = Debug|Any CPU
		{356ABFAB-1B52-4BF5-A98B-BCD34AEC2ECF}.Release|Any CPU.ActiveCfg = Release|Any CPU
		{7CF408EC-3BBD-4561-AE0A-3FDB4EB032F0}.Debug|Any CPU.ActiveCfg = Debug|Any CPU
		{7CF408EC-3BBD-4561-AE0A-3FDB4EB032F0}.Release|Any CPU.ActiveCfg = Release|Any CPU
	EndGlobalSection
	GlobalSection(SolutionProperties) = preSolution
		HideSolutionNode = FALSE
	EndGlobalSection
	GlobalSection(ExtensibilityGlobals) = postSolution
		SolutionGuid = {2E69BF47-8E53-4808-B08D-F1F7F3D42A85}
	EndGlobalSection
EndGlobal
